{
  "name": "node_js",
  "lockfileVersion": 2,
  "requires": true,
  "packages": {
    "": {
      "dependencies": {
        "data-fns": "^0.1.8"
      }
    },
    "node_modules/data-fns": {
      "version": "0.1.8",
      "resolved": "https://registry.npmjs.org/data-fns/-/data-fns-0.1.8.tgz",
      "integrity": "sha512-3aC+mM92aUWsTx3lYD9el6RUZqaQceQeUw16de/cb9gyjp/CJ3yekYtsxQOYQoPAM2+kgfp1Km6zkzh5Q4+EYA==",
      "dependencies": {
        "unit-fns": "^0.1.6"
      },
      "engines": {
        "node": ">=10"
      }
    },
    "node_modules/unit-fns": {
      "version": "0.1.7",
      "resolved": "https://registry.npmjs.org/unit-fns/-/unit-fns-0.1.7.tgz",
      "integrity": "sha512-A6fT2bPCKjryr//T8X+euo2g9e5VRGIwOmLHb9bSasMBdKWQ+By3OwXkwTJbK8C6kUmJnbSCcJCNxJkkmKS15A==",
      "engines": {
        "node": ">=10"
      }
    }
  },
  "dependencies": {
    "data-fns": {
      "version": "0.1.8",
      "resolved": "https://registry.npmjs.org/data-fns/-/data-fns-0.1.8.tgz",
      "integrity": "sha512-3aC+mM92aUWsTx3lYD9el6RUZqaQceQeUw16de/cb9gyjp/CJ3yekYtsxQOYQoPAM2+kgfp1Km6zkzh5Q4+EYA==",
      "requires": {
        "unit-fns": "^0.1.6"
      }
    },
    "unit-fns": {
      "version": "0.1.7",
      "resolved": "https://registry.npmjs.org/unit-fns/-/unit-fns-0.1.7.tgz",
      "integrity": "sha512-A6fT2bPCKjryr//T8X+euo2g9e5VRGIwOmLHb9bSasMBdKWQ+By3OwXkwTJbK8C6kUmJnbSCcJCNxJkkmKS15A=="
    }
  }
}
